
Microsoft Visual Studio Solution File, Format Version 12.00
# Visual Studio Version 17
VisualStudioVersion = 17.7.34221.43
MinimumVisualStudioVersion = 10.0.40219.1
Project("{9A19103F-16F7-4668-BE54-9A1E7A4F7556}") = "Q03", "Q03\Q03.csproj", "{D9213F62-6ECB-4093-AB95-6E94660B0128}"
EndProject
Project("{9A19103F-16F7-4668-BE54-9A1E7A4F7556}") = "Q04", "Q04\Q04.csproj", "{F9F8FCBB-CA41-4FD1-8D60-22875CEA7894}"
EndProject
Project("{9A19103F-16F7-4668-BE54-9A1E7A4F7556}") = "Q05", "Q05\Q05.csproj", "{A2886502-6554-4443-B4F6-28BDD14BDCD4}"
EndProject
Project("{9A19103F-16F7-4668-BE54-9A1E7A4F7556}") = "Q06", "Q06\Q06.csproj", "{12A93EC2-B500-440A-A78A-B4F75CB75D1D}"
EndProject
Project("{9A19103F-16F7-4668-BE54-9A1E7A4F7556}") = "Q07", "Q07\Q07.csproj", "{8BC35B6F-3F3D-4A6A-BFB9-F5E31238BA2A}"
EndProject
Global
	GlobalSection(SolutionConfigurationPlatforms) = preSolution
		Debug|Any CPU = Debug|Any CPU
		Release|Any CPU = Release|Any CPU
	EndGlobalSection
	GlobalSection(ProjectConfigurationPlatforms) = postSolution
		{D9213F62-6ECB-4093-AB95-6E94660B0128}.Debug|Any CPU.ActiveCfg = Debug|Any CPU
		{D9213F62-6ECB-4093-AB95-6E94660B0128}.Debug|Any CPU.Build.0 = Debug|Any CPU
		{D9213F62-6ECB-4093-AB95-6E94660B0128}.Release|Any CPU.ActiveCfg = Release|Any CPU
		{D9213F62-6ECB-4093-AB95-6E94660B0128}.Release|Any CPU.Build.0 = Release|Any CPU
		{F9F8FCBB-CA41-4FD1-8D60-22875CEA7894}.Debug|Any CPU.ActiveCfg = Debug|Any CPU
		{F9F8FCBB-CA41-4FD1-8D60-22875CEA7894}.Debug|Any CPU.Build.0 = Debug|Any CPU
		{F9F8FCBB-CA41-4FD1-8D60-22875CEA7894}.Release|Any CPU.ActiveCfg = Release|Any CPU
		{F9F8FCBB-CA41-4FD1-8D60-22875CEA7894}.Release|Any CPU.Build.0 = Release|Any CPU
		{A2886502-6554-4443-B4F6-28BDD14BDCD4}.Debug|Any CPU.ActiveCfg = Debug|Any CPU
		{A2886502-6554-4443-B4F6-28BDD14BDCD4}.Debug|Any CPU.Build.0 = Debug|Any CPU
		{A2886502-6554-4443-B4F6-28BDD14BDCD4}.Release|Any CPU.ActiveCfg = Release|Any CPU
		{A2886502-6554-4443-B4F6-28BDD14BDCD4}.Release|Any CPU.Build.0 = Release|Any CPU
		{12A93EC2-B500-440A-A78A-B4F75CB75D1D}.Debug|Any CPU.ActiveCfg = Debug|Any CPU
		{12A93EC2-B500-440A-A78A-B4F75CB75D1D}.Debug|Any CPU.Build.0 = Debug|Any CPU
		{12A93EC2-B500-440A-A78A-B4F75CB75D1D}.Release|Any CPU.ActiveCfg = Release|Any CPU
		{12A93EC2-B500-440A-A78A-B4F75CB75D1D}.Release|Any CPU.Build.0 = Release|Any CPU
		{8BC35B6F-3F3D-4A6A-BFB9-F5E31238BA2A}.Debug|Any CPU.ActiveCfg = Debug|Any CPU
		{8BC35B6F-3F3D-4A6A-BFB9-F5E31238BA2A}.Debug|Any CPU.Build.0 = Debug|Any CPU
		{8BC35B6F-3F3D-4A6A-BFB9-F5E31238BA2A}.Release|Any CPU.ActiveCfg = Release|Any CPU
		{8BC35B6F-3F3D-4A6A-BFB9-F5E31238BA2A}.Release|Any CPU.Build.0 = Release|Any CPU
	EndGlobalSection
	GlobalSection(SolutionProperties) = preSolution
		HideSolutionNode = FALSE
	EndGlobalSection
	GlobalSection(ExtensibilityGlobals) = postSolution
		SolutionGuid = {87EF3D98-0997-4DBB-A43A-7BF6737817A3}
	EndGlobalSection
EndGlobal
